{
	"name": "solidhunter-lsp",
	"version": "1.0.0",
	"lockfileVersion": 2,
	"requires": true,
	"packages": {
		"": {
			"name": "solidhunter-lsp",
			"version": "1.0.0",
			"license": "MIT",
			"dependencies": {
				"vscode-languageserver": "^7.0.0",
				"vscode-languageserver-textdocument": "^1.0.4"
			},
			"devDependencies": {
				"@types/ffi-napi": "^4.0.7"
			},
			"engines": {
				"node": "*"
			}
		},
		"node_modules/@types/ffi-napi": {
			"version": "4.0.7",
			"resolved": "https://registry.npmjs.org/@types/ffi-napi/-/ffi-napi-4.0.7.tgz",
			"integrity": "sha512-2CvLfgxCUUSj7qVab6/uFLyVpgVd2gEV4H/TQEHHn6kZTV8iTesz9uo0bckhwzsh71atutOv8P3JmvRX2ZvpZg==",
			"dev": true,
			"dependencies": {
				"@types/node": "*",
				"@types/ref-napi": "*",
				"@types/ref-struct-di": "*"
			}
		},
		"node_modules/@types/node": {
			"version": "18.11.15",
			"resolved": "https://registry.npmjs.org/@types/node/-/node-18.11.15.tgz",
			"integrity": "sha512-VkhBbVo2+2oozlkdHXLrb3zjsRkpdnaU2bXmX8Wgle3PUi569eLRaHGlgETQHR7lLL1w7GiG3h9SnePhxNDecw==",
			"dev": true
		},
		"node_modules/@types/ref-napi": {
			"version": "3.0.6",
			"resolved": "https://registry.npmjs.org/@types/ref-napi/-/ref-napi-3.0.6.tgz",
			"integrity": "sha512-yLbSiZkLQB9Bv6m46+c4Gdv5Xmw34ehdUagQCfc88FvqHLamaGpYInHbFQ3+sawFonAQ0GDysQIEdZmSOmMh3A==",
			"dev": true,
			"dependencies": {
				"@types/node": "*"
			}
		},
		"node_modules/@types/ref-struct-di": {
			"version": "1.1.8",
			"resolved": "https://registry.npmjs.org/@types/ref-struct-di/-/ref-struct-di-1.1.8.tgz",
			"integrity": "sha512-t5jwtHlEH6c3rgBRtMQTAtysROr1gWt/ZfcytolK+45dag747fUdgmZy/iQs5q41jinMnr62nxwI0Q8GkdK9TA==",
			"dev": true,
			"dependencies": {
				"@types/ref-napi": "*"
			}
		},
		"node_modules/vscode-jsonrpc": {
			"version": "6.0.0",
			"resolved": "https://registry.npmjs.org/vscode-jsonrpc/-/vscode-jsonrpc-6.0.0.tgz",
			"integrity": "sha512-wnJA4BnEjOSyFMvjZdpiOwhSq9uDoK8e/kpRJDTaMYzwlkrhG1fwDIZI94CLsLzlCK5cIbMMtFlJlfR57Lavmg==",
			"engines": {
				"node": ">=8.0.0 || >=10.0.0"
			}
		},
		"node_modules/vscode-languageserver": {
			"version": "7.0.0",
			"resolved": "https://registry.npmjs.org/vscode-languageserver/-/vscode-languageserver-7.0.0.tgz",
			"integrity": "sha512-60HTx5ID+fLRcgdHfmz0LDZAXYEV68fzwG0JWwEPBode9NuMYTIxuYXPg4ngO8i8+Ou0lM7y6GzaYWbiDL0drw==",
			"dependencies": {
				"vscode-languageserver-protocol": "3.16.0"
			},
			"bin": {
				"installServerIntoExtension": "bin/installServerIntoExtension"
			}
		},
		"node_modules/vscode-languageserver-protocol": {
			"version": "3.16.0",
			"resolved": "https://registry.npmjs.org/vscode-languageserver-protocol/-/vscode-languageserver-protocol-3.16.0.tgz",
			"integrity": "sha512-sdeUoAawceQdgIfTI+sdcwkiK2KU+2cbEYA0agzM2uqaUy2UpnnGHtWTHVEtS0ES4zHU0eMFRGN+oQgDxlD66A==",
			"dependencies": {
				"vscode-jsonrpc": "6.0.0",
				"vscode-languageserver-types": "3.16.0"
			}
		},
		"node_modules/vscode-languageserver-textdocument": {
			"version": "1.0.4",
			"resolved": "https://registry.npmjs.org/vscode-languageserver-textdocument/-/vscode-languageserver-textdocument-1.0.4.tgz",
			"integrity": "sha512-/xhqXP/2A2RSs+J8JNXpiiNVvvNM0oTosNVmQnunlKvq9o4mupHOBAnnzH0lwIPKazXKvAKsVp1kr+H/K4lgoQ=="
		},
		"node_modules/vscode-languageserver-types": {
			"version": "3.16.0",
			"resolved": "https://registry.npmjs.org/vscode-languageserver-types/-/vscode-languageserver-types-3.16.0.tgz",
			"integrity": "sha512-k8luDIWJWyenLc5ToFQQMaSrqCHiLwyKPHKPQZ5zz21vM+vIVUSvsRpcbiECH4WR88K2XZqc4ScRcZ7nk/jbeA=="
		}
	},
	"dependencies": {
		"@types/ffi-napi": {
			"version": "4.0.7",
			"resolved": "https://registry.npmjs.org/@types/ffi-napi/-/ffi-napi-4.0.7.tgz",
			"integrity": "sha512-2CvLfgxCUUSj7qVab6/uFLyVpgVd2gEV4H/TQEHHn6kZTV8iTesz9uo0bckhwzsh71atutOv8P3JmvRX2ZvpZg==",
			"dev": true,
			"requires": {
				"@types/node": "*",
				"@types/ref-napi": "*",
				"@types/ref-struct-di": "*"
			}
		},
		"@types/node": {
			"version": "18.11.15",
			"resolved": "https://registry.npmjs.org/@types/node/-/node-18.11.15.tgz",
			"integrity": "sha512-VkhBbVo2+2oozlkdHXLrb3zjsRkpdnaU2bXmX8Wgle3PUi569eLRaHGlgETQHR7lLL1w7GiG3h9SnePhxNDecw==",
			"dev": true
		},
		"@types/ref-napi": {
			"version": "3.0.6",
			"resolved": "https://registry.npmjs.org/@types/ref-napi/-/ref-napi-3.0.6.tgz",
			"integrity": "sha512-yLbSiZkLQB9Bv6m46+c4Gdv5Xmw34ehdUagQCfc88FvqHLamaGpYInHbFQ3+sawFonAQ0GDysQIEdZmSOmMh3A==",
			"dev": true,
			"requires": {
				"@types/node": "*"
			}
		},
		"@types/ref-struct-di": {
			"version": "1.1.8",
			"resolved": "https://registry.npmjs.org/@types/ref-struct-di/-/ref-struct-di-1.1.8.tgz",
			"integrity": "sha512-t5jwtHlEH6c3rgBRtMQTAtysROr1gWt/ZfcytolK+45dag747fUdgmZy/iQs5q41jinMnr62nxwI0Q8GkdK9TA==",
			"dev": true,
			"requires": {
				"@types/ref-napi": "*"
			}
		},
		"vscode-jsonrpc": {
			"version": "6.0.0",
			"resolved": "https://registry.npmjs.org/vscode-jsonrpc/-/vscode-jsonrpc-6.0.0.tgz",
			"integrity": "sha512-wnJA4BnEjOSyFMvjZdpiOwhSq9uDoK8e/kpRJDTaMYzwlkrhG1fwDIZI94CLsLzlCK5cIbMMtFlJlfR57Lavmg=="
		},
		"vscode-languageserver": {
			"version": "7.0.0",
			"resolved": "https://registry.npmjs.org/vscode-languageserver/-/vscode-languageserver-7.0.0.tgz",
			"integrity": "sha512-60HTx5ID+fLRcgdHfmz0LDZAXYEV68fzwG0JWwEPBode9NuMYTIxuYXPg4ngO8i8+Ou0lM7y6GzaYWbiDL0drw==",
			"requires": {
				"vscode-languageserver-protocol": "3.16.0"
			}
		},
		"vscode-languageserver-protocol": {
			"version": "3.16.0",
			"resolved": "https://registry.npmjs.org/vscode-languageserver-protocol/-/vscode-languageserver-protocol-3.16.0.tgz",
			"integrity": "sha512-sdeUoAawceQdgIfTI+sdcwkiK2KU+2cbEYA0agzM2uqaUy2UpnnGHtWTHVEtS0ES4zHU0eMFRGN+oQgDxlD66A==",
			"requires": {
				"vscode-jsonrpc": "6.0.0",
				"vscode-languageserver-types": "3.16.0"
			}
		},
		"vscode-languageserver-textdocument": {
			"version": "1.0.4",
			"resolved": "https://registry.npmjs.org/vscode-languageserver-textdocument/-/vscode-languageserver-textdocument-1.0.4.tgz",
			"integrity": "sha512-/xhqXP/2A2RSs+J8JNXpiiNVvvNM0oTosNVmQnunlKvq9o4mupHOBAnnzH0lwIPKazXKvAKsVp1kr+H/K4lgoQ=="
		},
		"vscode-languageserver-types": {
			"version": "3.16.0",
			"resolved": "https://registry.npmjs.org/vscode-languageserver-types/-/vscode-languageserver-types-3.16.0.tgz",
			"integrity": "sha512-k8luDIWJWyenLc5ToFQQMaSrqCHiLwyKPHKPQZ5zz21vM+vIVUSvsRpcbiECH4WR88K2XZqc4ScRcZ7nk/jbeA=="
		}
	}
}
